
Microsoft Visual Studio Solution File, Format Version 12.00
# Visual Studio Version 16
VisualStudioVersion = 16.0.29230.47
MinimumVisualStudioVersion = 10.0.40219.1
Project("{FAE04EC0-301F-11D3-BF4B-00C04F79EFBC}") = "MvcContinue", "MvcContinue\MvcContinue.csproj", "{192DEC5E-72E0-46FE-BE98-B4131C445C99}"
EndProject
Global
	GlobalSection(SolutionConfigurationPlatforms) = preSolution
		Debug|Any CPU = Debug|Any CPU
		Release|Any CPU = Release|Any CPU
	EndGlobalSection
	GlobalSection(ProjectConfigurationPlatforms) = postSolution
		{192DEC5E-72E0-46FE-BE98-B4131C445C99}.Debug|Any CPU.ActiveCfg = Debug|Any CPU
		{192DEC5E-72E0-46FE-BE98-B4131C445C99}.Debug|Any CPU.Build.0 = Debug|Any CPU
		{192DEC5E-72E0-46FE-BE98-B4131C445C99}.Release|Any CPU.ActiveCfg = Release|Any CPU
		{192DEC5E-72E0-46FE-BE98-B4131C445C99}.Release|Any CPU.Build.0 = Release|Any CPU
	EndGlobalSection
	GlobalSection(SolutionProperties) = preSolution
		HideSolutionNode = FALSE
	EndGlobalSection
	GlobalSection(ExtensibilityGlobals) = postSolution
		SolutionGuid = {7B9EB28C-02FC-4D77-96DB-A7D0AD18121C}
	EndGlobalSection
EndGlobal
